
Microsoft Visual Studio Solution File, Format Version 11.00
# Visual Studio 2010
Project("{FAE04EC0-301F-11D3-BF4B-00C04F79EFBC}") = "Assembly-CSharp-firstpass", "Assembly-CSharp-firstpass.csproj", "{10ef1380-a682-0d7e-3232-7dd2369c3466}"
EndProject
Project("{FAE04EC0-301F-11D3-BF4B-00C04F79EFBC}") = "Assembly-CSharp", "Assembly-CSharp.csproj", "{dd294649-f0ff-558b-569a-13064fa58edd}"
EndProject
Global
	GlobalSection(SolutionConfigurationPlatforms) = preSolution
		Debug|Any CPU = Debug|Any CPU
	EndGlobalSection
	GlobalSection(ProjectConfigurationPlatforms) = postSolution
		{10ef1380-a682-0d7e-3232-7dd2369c3466}.Debug|Any CPU.ActiveCfg = Debug|Any CPU
		{10ef1380-a682-0d7e-3232-7dd2369c3466}.Debug|Any CPU.Build.0 = Debug|Any CPU
		{dd294649-f0ff-558b-569a-13064fa58edd}.Debug|Any CPU.ActiveCfg = Debug|Any CPU
		{dd294649-f0ff-558b-569a-13064fa58edd}.Debug|Any CPU.Build.0 = Debug|Any CPU
	EndGlobalSection
	GlobalSection(SolutionProperties) = preSolution
		HideSolutionNode = FALSE
	EndGlobalSection
EndGlobal
